{
    "_readme": [
        "This file locks the dependencies of your project to a known state",
        "Read more about it at https://getcomposer.org/doc/01-basic-usage.md#installing-dependencies",
        "This file is @generated automatically"
    ],
    "content-hash": "8de5923fc925adbaf9c040e4028f7f46",
    "packages": [
        {
            "name": "azmok/oope",
            "version": "1.0.0",
            "dist": {
                "type": "path",
                "url": "C:/Users/Azuma/github/azmok/oope",
                "reference": "074583982c0ae590125d62fff06f9ae8d47ca9fb"
            },
            "require": {
                "azmok/autil": "*"
            },
            "type": "library",
            "autoload": {
                "psr-4": {
                    "OOPe\\": "src"
                }
            }
        }
    ],
    "packages-dev": [],
    "aliases": [],
    "minimum-stability": "stable",
    "stability-flags": [],
    "prefer-stable": false,
    "prefer-lowest": false,
    "platform": [],
    "platform-dev": []
}
